
Microsoft Visual Studio Solution File, Format Version 12.00
# Visual Studio Version 17
VisualStudioVersion = 17.4.33122.133
MinimumVisualStudioVersion = 10.0.40219.1
Project("{888888A0-9F3D-457C-B088-3A5042F75D52}") = "UusDocumentid", "UusDocumentid\UusDocumentid.pyproj", "{1A22CAC4-9088-4639-BB95-1D6B1DF5CBDF}"
EndProject
Global
	GlobalSection(SolutionConfigurationPlatforms) = preSolution
		Debug|Any CPU = Debug|Any CPU
		Release|Any CPU = Release|Any CPU
	EndGlobalSection
	GlobalSection(ProjectConfigurationPlatforms) = postSolution
		{1A22CAC4-9088-4639-BB95-1D6B1DF5CBDF}.Debug|Any CPU.ActiveCfg = Debug|Any CPU
		{1A22CAC4-9088-4639-BB95-1D6B1DF5CBDF}.Release|Any CPU.ActiveCfg = Release|Any CPU
	EndGlobalSection
	GlobalSection(SolutionProperties) = preSolution
		HideSolutionNode = FALSE
	EndGlobalSection
	GlobalSection(ExtensibilityGlobals) = postSolution
		SolutionGuid = {27264314-FDF2-4B35-91B4-9D89872543CA}
	EndGlobalSection
EndGlobal
